// !$*UTF8*$!
{
	archiveVersion = 1;
	classes = {
	};
	objectVersion = 46;
	objects = {

/* Begin PBXBuildFile section */
		231A6EFA1DEFA9E3008BFF60 /* Podfile in Resources */ = {isa = PBXBuildFile; fileRef = 231A6EF91DEFA9E3008BFF60 /* Podfile */; };
		233E69741DEDE77E00B02F56 /* FeaturedTableViewCell.swift in Sources */ = {isa = PBXBuildFile; fileRef = 233E69731DEDE77E00B02F56 /* FeaturedTableViewCell.swift */; };
		233E69761DEDE7D800B02F56 /* FeaturedTableViewController.swift in Sources */ = {isa = PBXBuildFile; fileRef = 233E69751DEDE7D800B02F56 /* FeaturedTableViewController.swift */; };
		233E69781DEDE80A00B02F56 /* Coupon.swift in Sources */ = {isa = PBXBuildFile; fileRef = 233E69771DEDE80A00B02F56 /* Coupon.swift */; };
		233E697A1DEDEC5E00B02F56 /* CouponDetailViewController.swift in Sources */ = {isa = PBXBuildFile; fileRef = 233E69791DEDEC5E00B02F56 /* CouponDetailViewController.swift */; };
		23618D051DEFB0C400AC6145 /* PartnerViewController.swift in Sources */ = {isa = PBXBuildFile; fileRef = 23618D041DEFB0C400AC6145 /* PartnerViewController.swift */; };
		23618D071DF076F000AC6145 /* MenuTableViewCell.swift in Sources */ = {isa = PBXBuildFile; fileRef = 23618D061DF076F000AC6145 /* MenuTableViewCell.swift */; };
		23618D091DF0825000AC6145 /* MapKit.framework in Frameworks */ = {isa = PBXBuildFile; fileRef = 23618D081DF0825000AC6145 /* MapKit.framework */; };
		23618D0B1DF0825800AC6145 /* CoreLocation.framework in Frameworks */ = {isa = PBXBuildFile; fileRef = 23618D0A1DF0825800AC6145 /* CoreLocation.framework */; };
		23618D0D1DF0830800AC6145 /* NearbyViewController.swift in Sources */ = {isa = PBXBuildFile; fileRef = 23618D0C1DF0830800AC6145 /* NearbyViewController.swift */; };
		237681411DF098F500DFBD1E /* CategoriesViewController.swift in Sources */ = {isa = PBXBuildFile; fileRef = 237681401DF098F500DFBD1E /* CategoriesViewController.swift */; };
		237681431DF0991F00DFBD1E /* SettingsViewController.swift in Sources */ = {isa = PBXBuildFile; fileRef = 237681421DF0991F00DFBD1E /* SettingsViewController.swift */; };
		23C08E991DEFAE3E00173AD6 /* Podfile.lock in Resources */ = {isa = PBXBuildFile; fileRef = 23C08E981DEFAE3E00173AD6 /* Podfile.lock */; };
		23D32E561DE66BF50087848C /* AppDelegate.swift in Sources */ = {isa = PBXBuildFile; fileRef = 23D32E551DE66BF50087848C /* AppDelegate.swift */; };
		23D32E5B1DE66BF50087848C /* Main.storyboard in Resources */ = {isa = PBXBuildFile; fileRef = 23D32E591DE66BF50087848C /* Main.storyboard */; };
		23D32E5D1DE66BF50087848C /* Assets.xcassets in Resources */ = {isa = PBXBuildFile; fileRef = 23D32E5C1DE66BF50087848C /* Assets.xcassets */; };
		23D32E601DE66BF50087848C /* LaunchScreen.storyboard in Resources */ = {isa = PBXBuildFile; fileRef = 23D32E5E1DE66BF50087848C /* LaunchScreen.storyboard */; };
		23D32E6C1DE66CEE0087848C /* .gitignore in Resources */ = {isa = PBXBuildFile; fileRef = 23D32E6B1DE66CEE0087848C /* .gitignore */; };
		23D32E6E1DE66D020087848C /* README.md in Sources */ = {isa = PBXBuildFile; fileRef = 23D32E6D1DE66D020087848C /* README.md */; };
		3FB696831DEDEF9300BCCAD3 /* Partner.swift in Sources */ = {isa = PBXBuildFile; fileRef = 3FB696821DEDEF9300BCCAD3 /* Partner.swift */; };
		3FB696851DEDF0C000BCCAD3 /* Product.swift in Sources */ = {isa = PBXBuildFile; fileRef = 3FB696841DEDF0C000BCCAD3 /* Product.swift */; };
		66C7850BE058FAEA0655688D /* Pods_iConomize.framework in Frameworks */ = {isa = PBXBuildFile; fileRef = E64D8DA95FC9C4B9F7235064 /* Pods_iConomize.framework */; };
/* End PBXBuildFile section */

/* Begin PBXFileReference section */
		231A6EF91DEFA9E3008BFF60 /* Podfile */ = {isa = PBXFileReference; fileEncoding = 4; lastKnownFileType = text; path = Podfile; sourceTree = "<group>"; xcLanguageSpecificationIdentifier = xcode.lang.ruby; };
		233E69731DEDE77E00B02F56 /* FeaturedTableViewCell.swift */ = {isa = PBXFileReference; fileEncoding = 4; lastKnownFileType = sourcecode.swift; path = FeaturedTableViewCell.swift; sourceTree = "<group>"; };
		233E69751DEDE7D800B02F56 /* FeaturedTableViewController.swift */ = {isa = PBXFileReference; fileEncoding = 4; lastKnownFileType = sourcecode.swift; path = FeaturedTableViewController.swift; sourceTree = "<group>"; };
		233E69771DEDE80A00B02F56 /* Coupon.swift */ = {isa = PBXFileReference; fileEncoding = 4; lastKnownFileType = sourcecode.swift; path = Coupon.swift; sourceTree = "<group>"; };
		233E69791DEDEC5E00B02F56 /* CouponDetailViewController.swift */ = {isa = PBXFileReference; fileEncoding = 4; lastKnownFileType = sourcecode.swift; path = CouponDetailViewController.swift; sourceTree = "<group>"; };
		23618D041DEFB0C400AC6145 /* PartnerViewController.swift */ = {isa = PBXFileReference; fileEncoding = 4; lastKnownFileType = sourcecode.swift; path = PartnerViewController.swift; sourceTree = "<group>"; };
		23618D061DF076F000AC6145 /* MenuTableViewCell.swift */ = {isa = PBXFileReference; fileEncoding = 4; lastKnownFileType = sourcecode.swift; path = MenuTableViewCell.swift; sourceTree = "<group>"; };
		23618D081DF0825000AC6145 /* MapKit.framework */ = {isa = PBXFileReference; lastKnownFileType = wrapper.framework; name = MapKit.framework; path = System/Library/Frameworks/MapKit.framework; sourceTree = SDKROOT; };
		23618D0A1DF0825800AC6145 /* CoreLocation.framework */ = {isa = PBXFileReference; lastKnownFileType = wrapper.framework; name = CoreLocation.framework; path = System/Library/Frameworks/CoreLocation.framework; sourceTree = SDKROOT; };
		23618D0C1DF0830800AC6145 /* NearbyViewController.swift */ = {isa = PBXFileReference; fileEncoding = 4; lastKnownFileType = sourcecode.swift; path = NearbyViewController.swift; sourceTree = "<group>"; };
		237681401DF098F500DFBD1E /* CategoriesViewController.swift */ = {isa = PBXFileReference; fileEncoding = 4; lastKnownFileType = sourcecode.swift; path = CategoriesViewController.swift; sourceTree = "<group>"; };
		237681421DF0991F00DFBD1E /* SettingsViewController.swift */ = {isa = PBXFileReference; fileEncoding = 4; lastKnownFileType = sourcecode.swift; path = SettingsViewController.swift; sourceTree = "<group>"; };
		23C08E981DEFAE3E00173AD6 /* Podfile.lock */ = {isa = PBXFileReference; fileEncoding = 4; lastKnownFileType = text; path = Podfile.lock; sourceTree = "<group>"; };
		23D32E521DE66BF50087848C /* iConomize.app */ = {isa = PBXFileReference; explicitFileType = wrapper.application; includeInIndex = 0; path = iConomize.app; sourceTree = BUILT_PRODUCTS_DIR; };
		23D32E551DE66BF50087848C /* AppDelegate.swift */ = {isa = PBXFileReference; lastKnownFileType = sourcecode.swift; path = AppDelegate.swift; sourceTree = "<group>"; };
		23D32E5A1DE66BF50087848C /* Base */ = {isa = PBXFileReference; lastKnownFileType = file.storyboard; name = Base; path = Base.lproj/Main.storyboard; sourceTree = "<group>"; };
		23D32E5C1DE66BF50087848C /* Assets.xcassets */ = {isa = PBXFileReference; lastKnownFileType = folder.assetcatalog; path = Assets.xcassets; sourceTree = "<group>"; };
		23D32E5F1DE66BF50087848C /* Base */ = {isa = PBXFileReference; lastKnownFileType = file.storyboard; name = Base; path = Base.lproj/LaunchScreen.storyboard; sourceTree = "<group>"; };
		23D32E611DE66BF50087848C /* Info.plist */ = {isa = PBXFileReference; lastKnownFileType = text.plist.xml; path = Info.plist; sourceTree = "<group>"; };
		23D32E6B1DE66CEE0087848C /* .gitignore */ = {isa = PBXFileReference; fileEncoding = 4; lastKnownFileType = text; path = .gitignore; sourceTree = "<group>"; };
		23D32E6D1DE66D020087848C /* README.md */ = {isa = PBXFileReference; fileEncoding = 4; lastKnownFileType = net.daringfireball.markdown; path = README.md; sourceTree = "<group>"; };
		3FB696821DEDEF9300BCCAD3 /* Partner.swift */ = {isa = PBXFileReference; fileEncoding = 4; lastKnownFileType = sourcecode.swift; path = Partner.swift; sourceTree = "<group>"; };
		3FB696841DEDF0C000BCCAD3 /* Product.swift */ = {isa = PBXFileReference; fileEncoding = 4; lastKnownFileType = sourcecode.swift; path = Product.swift; sourceTree = "<group>"; };
		47FD43ADE7ADCA98A90F8874 /* Pods-iConomize.release.xcconfig */ = {isa = PBXFileReference; includeInIndex = 1; lastKnownFileType = text.xcconfig; name = "Pods-iConomize.release.xcconfig"; path = "Pods/Target Support Files/Pods-iConomize/Pods-iConomize.release.xcconfig"; sourceTree = "<group>"; };
		8A20A215E2BA6E910BA955A2 /* Pods-iConomize.debug.xcconfig */ = {isa = PBXFileReference; includeInIndex = 1; lastKnownFileType = text.xcconfig; name = "Pods-iConomize.debug.xcconfig"; path = "Pods/Target Support Files/Pods-iConomize/Pods-iConomize.debug.xcconfig"; sourceTree = "<group>"; };
		E64D8DA95FC9C4B9F7235064 /* Pods_iConomize.framework */ = {isa = PBXFileReference; explicitFileType = wrapper.framework; includeInIndex = 0; path = Pods_iConomize.framework; sourceTree = BUILT_PRODUCTS_DIR; };
/* End PBXFileReference section */

/* Begin PBXFrameworksBuildPhase section */
		23D32E4F1DE66BF50087848C /* Frameworks */ = {
			isa = PBXFrameworksBuildPhase;
			buildActionMask = 2147483647;
			files = (
				23618D0B1DF0825800AC6145 /* CoreLocation.framework in Frameworks */,
				23618D091DF0825000AC6145 /* MapKit.framework in Frameworks */,
				66C7850BE058FAEA0655688D /* Pods_iConomize.framework in Frameworks */,
			);
			runOnlyForDeploymentPostprocessing = 0;
		};
/* End PBXFrameworksBuildPhase section */

/* Begin PBXGroup section */
		2265361CBD49D5607161834C /* Pods */ = {
			isa = PBXGroup;
			children = (
				8A20A215E2BA6E910BA955A2 /* Pods-iConomize.debug.xcconfig */,
				47FD43ADE7ADCA98A90F8874 /* Pods-iConomize.release.xcconfig */,
			);
			name = Pods;
			sourceTree = "<group>";
		};
		23D32E491DE66BF50087848C = {
			isa = PBXGroup;
			children = (
				23D32E6D1DE66D020087848C /* README.md */,
				23D32E6B1DE66CEE0087848C /* .gitignore */,
				231A6EF91DEFA9E3008BFF60 /* Podfile */,
				23C08E981DEFAE3E00173AD6 /* Podfile.lock */,
				23D32E541DE66BF50087848C /* iConomize */,
				23D32E531DE66BF50087848C /* Products */,
				2265361CBD49D5607161834C /* Pods */,
				2A6C3E5081DBEF23E29F9DD2 /* Frameworks */,
			);
			sourceTree = "<group>";
		};
		23D32E531DE66BF50087848C /* Products */ = {
			isa = PBXGroup;
			children = (
				23D32E521DE66BF50087848C /* iConomize.app */,
			);
			name = Products;
			sourceTree = "<group>";
		};
		23D32E541DE66BF50087848C /* iConomize */ = {
			isa = PBXGroup;
			children = (
				23D32E691DE66C120087848C /* Controllers */,
				23D32E671DE66C000087848C /* Models */,
				23D32E681DE66C0A0087848C /* Views */,
				23D32E6A1DE66C1D0087848C /* Supporting Files */,
				23D32E591DE66BF50087848C /* Main.storyboard */,
			);
			path = iConomize;
			sourceTree = "<group>";
		};
		23D32E671DE66C000087848C /* Models */ = {
			isa = PBXGroup;
			children = (
				233E69771DEDE80A00B02F56 /* Coupon.swift */,
				3FB696821DEDEF9300BCCAD3 /* Partner.swift */,
				3FB696841DEDF0C000BCCAD3 /* Product.swift */,
			);
			name = Models;
			sourceTree = "<group>";
		};
		23D32E681DE66C0A0087848C /* Views */ = {
			isa = PBXGroup;
			children = (
				23618D061DF076F000AC6145 /* MenuTableViewCell.swift */,
				233E69731DEDE77E00B02F56 /* FeaturedTableViewCell.swift */,
			);
			name = Views;
			sourceTree = "<group>";
		};
		23D32E691DE66C120087848C /* Controllers */ = {
			isa = PBXGroup;
			children = (
				237681421DF0991F00DFBD1E /* SettingsViewController.swift */,
				237681401DF098F500DFBD1E /* CategoriesViewController.swift */,
				23618D0C1DF0830800AC6145 /* NearbyViewController.swift */,
				23618D041DEFB0C400AC6145 /* PartnerViewController.swift */,
				233E69751DEDE7D800B02F56 /* FeaturedTableViewController.swift */,
				233E69791DEDEC5E00B02F56 /* CouponDetailViewController.swift */,
			);
			name = Controllers;
			sourceTree = "<group>";
		};
		23D32E6A1DE66C1D0087848C /* Supporting Files */ = {
			isa = PBXGroup;
			children = (
				23D32E611DE66BF50087848C /* Info.plist */,
				23D32E5E1DE66BF50087848C /* LaunchScreen.storyboard */,
				23D32E5C1DE66BF50087848C /* Assets.xcassets */,
				23D32E551DE66BF50087848C /* AppDelegate.swift */,
			);
			name = "Supporting Files";
			sourceTree = "<group>";
		};
		2A6C3E5081DBEF23E29F9DD2 /* Frameworks */ = {
			isa = PBXGroup;
			children = (
				23618D0A1DF0825800AC6145 /* CoreLocation.framework */,
				23618D081DF0825000AC6145 /* MapKit.framework */,
				E64D8DA95FC9C4B9F7235064 /* Pods_iConomize.framework */,
			);
			name = Frameworks;
			sourceTree = "<group>";
		};
/* End PBXGroup section */

/* Begin PBXNativeTarget section */
		23D32E511DE66BF50087848C /* iConomize */ = {
			isa = PBXNativeTarget;
			buildConfigurationList = 23D32E641DE66BF50087848C /* Build configuration list for PBXNativeTarget "iConomize" */;
			buildPhases = (
				717497749AE138E47C84BBFA /* [CP] Check Pods Manifest.lock */,
				23D32E4E1DE66BF50087848C /* Sources */,
				23D32E4F1DE66BF50087848C /* Frameworks */,
				23D32E501DE66BF50087848C /* Resources */,
				ECDA4A04714BFCF6985104CA /* [CP] Embed Pods Frameworks */,
				7345B46AEE4344CAB2B2BC74 /* [CP] Copy Pods Resources */,
			);
			buildRules = (
			);
			dependencies = (
			);
			name = iConomize;
			productName = iConomize;
			productReference = 23D32E521DE66BF50087848C /* iConomize.app */;
			productType = "com.apple.product-type.application";
		};
/* End PBXNativeTarget section */

/* Begin PBXProject section */
		23D32E4A1DE66BF50087848C /* Project object */ = {
			isa = PBXProject;
			attributes = {
				LastSwiftUpdateCheck = 0730;
				LastUpgradeCheck = 0730;
				ORGANIZATIONNAME = Inf;
				TargetAttributes = {
					23D32E511DE66BF50087848C = {
						CreatedOnToolsVersion = 7.3.1;
						DevelopmentTeam = 7UPQ6GDE2B;
					};
				};
			};
			buildConfigurationList = 23D32E4D1DE66BF50087848C /* Build configuration list for PBXProject "iConomize" */;
			compatibilityVersion = "Xcode 3.2";
			developmentRegion = English;
			hasScannedForEncodings = 0;
			knownRegions = (
				en,
				Base,
			);
			mainGroup = 23D32E491DE66BF50087848C;
			productRefGroup = 23D32E531DE66BF50087848C /* Products */;
			projectDirPath = "";
			projectRoot = "";
			targets = (
				23D32E511DE66BF50087848C /* iConomize */,
			);
		};
/* End PBXProject section */

/* Begin PBXResourcesBuildPhase section */
		23D32E501DE66BF50087848C /* Resources */ = {
			isa = PBXResourcesBuildPhase;
			buildActionMask = 2147483647;
			files = (
				23C08E991DEFAE3E00173AD6 /* Podfile.lock in Resources */,
				231A6EFA1DEFA9E3008BFF60 /* Podfile in Resources */,
				23D32E6C1DE66CEE0087848C /* .gitignore in Resources */,
				23D32E601DE66BF50087848C /* LaunchScreen.storyboard in Resources */,
				23D32E5D1DE66BF50087848C /* Assets.xcassets in Resources */,
				23D32E5B1DE66BF50087848C /* Main.storyboard in Resources */,
			);
			runOnlyForDeploymentPostprocessing = 0;
		};
/* End PBXResourcesBuildPhase section */

/* Begin PBXShellScriptBuildPhase section */
		717497749AE138E47C84BBFA /* [CP] Check Pods Manifest.lock */ = {
			isa = PBXShellScriptBuildPhase;
			buildActionMask = 2147483647;
			files = (
			);
			inputPaths = (
			);
			name = "[CP] Check Pods Manifest.lock";
			outputPaths = (
			);
			runOnlyForDeploymentPostprocessing = 0;
			shellPath = /bin/sh;
			shellScript = "diff \"${PODS_ROOT}/../Podfile.lock\" \"${PODS_ROOT}/Manifest.lock\" > /dev/null\nif [ $? != 0 ] ; then\n    # print error to STDERR\n    echo \"error: The sandbox is not in sync with the Podfile.lock. Run 'pod install' or update your CocoaPods installation.\" >&2\n    exit 1\nfi\n";
			showEnvVarsInLog = 0;
		};
		7345B46AEE4344CAB2B2BC74 /* [CP] Copy Pods Resources */ = {
			isa = PBXShellScriptBuildPhase;
			buildActionMask = 2147483647;
			files = (
			);
			inputPaths = (
			);
			name = "[CP] Copy Pods Resources";
			outputPaths = (
			);
			runOnlyForDeploymentPostprocessing = 0;
			shellPath = /bin/sh;
			shellScript = "\"${SRCROOT}/Pods/Target Support Files/Pods-iConomize/Pods-iConomize-resources.sh\"\n";
			showEnvVarsInLog = 0;
		};
		ECDA4A04714BFCF6985104CA /* [CP] Embed Pods Frameworks */ = {
			isa = PBXShellScriptBuildPhase;
			buildActionMask = 2147483647;
			files = (
			);
			inputPaths = (
			);
			name = "[CP] Embed Pods Frameworks";
			outputPaths = (
			);
			runOnlyForDeploymentPostprocessing = 0;
			shellPath = /bin/sh;
			shellScript = "\"${SRCROOT}/Pods/Target Support Files/Pods-iConomize/Pods-iConomize-frameworks.sh\"\n";
			showEnvVarsInLog = 0;
		};
/* End PBXShellScriptBuildPhase section */

/* Begin PBXSourcesBuildPhase section */
		23D32E4E1DE66BF50087848C /* Sources */ = {
			isa = PBXSourcesBuildPhase;
			buildActionMask = 2147483647;
			files = (
				233E697A1DEDEC5E00B02F56 /* CouponDetailViewController.swift in Sources */,
				3FB696851DEDF0C000BCCAD3 /* Product.swift in Sources */,
				237681411DF098F500DFBD1E /* CategoriesViewController.swift in Sources */,
				233E69781DEDE80A00B02F56 /* Coupon.swift in Sources */,
				23D32E6E1DE66D020087848C /* README.md in Sources */,
				23618D071DF076F000AC6145 /* MenuTableViewCell.swift in Sources */,
				233E69761DEDE7D800B02F56 /* FeaturedTableViewController.swift in Sources */,
				3FB696831DEDEF9300BCCAD3 /* Partner.swift in Sources */,
				23618D0D1DF0830800AC6145 /* NearbyViewController.swift in Sources */,
				23D32E561DE66BF50087848C /* AppDelegate.swift in Sources */,
				237681431DF0991F00DFBD1E /* SettingsViewController.swift in Sources */,
				23618D051DEFB0C400AC6145 /* PartnerViewController.swift in Sources */,
				233E69741DEDE77E00B02F56 /* FeaturedTableViewCell.swift in Sources */,
			);
			runOnlyForDeploymentPostprocessing = 0;
		};
/* End PBXSourcesBuildPhase section */

/* Begin PBXVariantGroup section */
		23D32E591DE66BF50087848C /* Main.storyboard */ = {
			isa = PBXVariantGroup;
			children = (
				23D32E5A1DE66BF50087848C /* Base */,
			);
			name = Main.storyboard;
			sourceTree = "<group>";
		};
		23D32E5E1DE66BF50087848C /* LaunchScreen.storyboard */ = {
			isa = PBXVariantGroup;
			children = (
				23D32E5F1DE66BF50087848C /* Base */,
			);
			name = LaunchScreen.storyboard;
			sourceTree = "<group>";
		};
/* End PBXVariantGroup section */

/* Begin XCBuildConfiguration section */
		23D32E621DE66BF50087848C /* Debug */ = {
			isa = XCBuildConfiguration;
			buildSettings = {
				ALWAYS_SEARCH_USER_PATHS = NO;
				CLANG_ANALYZER_NONNULL = YES;
				CLANG_CXX_LANGUAGE_STANDARD = "gnu++0x";
				CLANG_CXX_LIBRARY = "libc++";
				CLANG_ENABLE_MODULES = YES;
				CLANG_ENABLE_OBJC_ARC = YES;
				CLANG_WARN_BOOL_CONVERSION = YES;
				CLANG_WARN_CONSTANT_CONVERSION = YES;
				CLANG_WARN_DIRECT_OBJC_ISA_USAGE = YES_ERROR;
				CLANG_WARN_EMPTY_BODY = YES;
				CLANG_WARN_ENUM_CONVERSION = YES;
				CLANG_WARN_INT_CONVERSION = YES;
				CLANG_WARN_OBJC_ROOT_CLASS = YES_ERROR;
				CLANG_WARN_UNREACHABLE_CODE = YES;
				CLANG_WARN__DUPLICATE_METHOD_MATCH = YES;
				"CODE_SIGN_IDENTITY[sdk=iphoneos*]" = "iPhone Developer";
				COPY_PHASE_STRIP = NO;
				DEBUG_INFORMATION_FORMAT = dwarf;
				ENABLE_STRICT_OBJC_MSGSEND = YES;
				ENABLE_TESTABILITY = YES;
				GCC_C_LANGUAGE_STANDARD = gnu99;
				GCC_DYNAMIC_NO_PIC = NO;
				GCC_NO_COMMON_BLOCKS = YES;
				GCC_OPTIMIZATION_LEVEL = 0;
				GCC_PREPROCESSOR_DEFINITIONS = (
					"DEBUG=1",
					"$(inherited)",
				);
				GCC_WARN_64_TO_32_BIT_CONVERSION = YES;
				GCC_WARN_ABOUT_RETURN_TYPE = YES_ERROR;
				GCC_WARN_UNDECLARED_SELECTOR = YES;
				GCC_WARN_UNINITIALIZED_AUTOS = YES_AGGRESSIVE;
				GCC_WARN_UNUSED_FUNCTION = YES;
				GCC_WARN_UNUSED_VARIABLE = YES;
				IPHONEOS_DEPLOYMENT_TARGET = 9.3;
				MTL_ENABLE_DEBUG_INFO = YES;
				ONLY_ACTIVE_ARCH = YES;
				SDKROOT = iphoneos;
				SWIFT_OPTIMIZATION_LEVEL = "-Onone";
				TARGETED_DEVICE_FAMILY = "1,2";
			};
			name = Debug;
		};
		23D32E631DE66BF50087848C /* Release */ = {
			isa = XCBuildConfiguration;
			buildSettings = {
				ALWAYS_SEARCH_USER_PATHS = NO;
				CLANG_ANALYZER_NONNULL = YES;
				CLANG_CXX_LANGUAGE_STANDARD = "gnu++0x";
				CLANG_CXX_LIBRARY = "libc++";
				CLANG_ENABLE_MODULES = YES;
				CLANG_ENABLE_OBJC_ARC = YES;
				CLANG_WARN_BOOL_CONVERSION = YES;
				CLANG_WARN_CONSTANT_CONVERSION = YES;
				CLANG_WARN_DIRECT_OBJC_ISA_USAGE = YES_ERROR;
				CLANG_WARN_EMPTY_BODY = YES;
				CLANG_WARN_ENUM_CONVERSION = YES;
				CLANG_WARN_INT_CONVERSION = YES;
				CLANG_WARN_OBJC_ROOT_CLASS = YES_ERROR;
				CLANG_WARN_UNREACHABLE_CODE = YES;
				CLANG_WARN__DUPLICATE_METHOD_MATCH = YES;
				"CODE_SIGN_IDENTITY[sdk=iphoneos*]" = "iPhone Developer";
				COPY_PHASE_STRIP = NO;
				DEBUG_INFORMATION_FORMAT = "dwarf-with-dsym";
				ENABLE_NS_ASSERTIONS = NO;
				ENABLE_STRICT_OBJC_MSGSEND = YES;
				GCC_C_LANGUAGE_STANDARD = gnu99;
				GCC_NO_COMMON_BLOCKS = YES;
				GCC_WARN_64_TO_32_BIT_CONVERSION = YES;
				GCC_WARN_ABOUT_RETURN_TYPE = YES_ERROR;
				GCC_WARN_UNDECLARED_SELECTOR = YES;
				GCC_WARN_UNINITIALIZED_AUTOS = YES_AGGRESSIVE;
				GCC_WARN_UNUSED_FUNCTION = YES;
				GCC_WARN_UNUSED_VARIABLE = YES;
				IPHONEOS_DEPLOYMENT_TARGET = 9.3;
				MTL_ENABLE_DEBUG_INFO = NO;
				SDKROOT = iphoneos;
				TARGETED_DEVICE_FAMILY = "1,2";
				VALIDATE_PRODUCT = YES;
			};
			name = Release;
		};
		23D32E651DE66BF50087848C /* Debug */ = {
			isa = XCBuildConfiguration;
			baseConfigurationReference = 8A20A215E2BA6E910BA955A2 /* Pods-iConomize.debug.xcconfig */;
			buildSettings = {
				ASSETCATALOG_COMPILER_APPICON_NAME = AppIcon;
				CODE_SIGN_IDENTITY = "iPhone Developer";
				"CODE_SIGN_IDENTITY[sdk=iphoneos*]" = "iPhone Developer";
				INFOPLIST_FILE = iConomize/Info.plist;
				LD_RUNPATH_SEARCH_PATHS = "$(inherited) @executable_path/Frameworks";
				PRODUCT_BUNDLE_IDENTIFIER = br.ufg.inf.iConomize;
				PRODUCT_NAME = "$(TARGET_NAME)";
				PROVISIONING_PROFILE = "";
			};
			name = Debug;
		};
		23D32E661DE66BF50087848C /* Release */ = {
			isa = XCBuildConfiguration;
			baseConfigurationReference = 47FD43ADE7ADCA98A90F8874 /* Pods-iConomize.release.xcconfig */;
			buildSettings = {
				ASSETCATALOG_COMPILER_APPICON_NAME = AppIcon;
				CODE_SIGN_IDENTITY = "iPhone Developer";
				"CODE_SIGN_IDENTITY[sdk=iphoneos*]" = "iPhone Developer";
				INFOPLIST_FILE = iConomize/Info.plist;
				LD_RUNPATH_SEARCH_PATHS = "$(inherited) @executable_path/Frameworks";
				PRODUCT_BUNDLE_IDENTIFIER = br.ufg.inf.iConomize;
				PRODUCT_NAME = "$(TARGET_NAME)";
				PROVISIONING_PROFILE = "";
			};
			name = Release;
		};
/* End XCBuildConfiguration section */

/* Begin XCConfigurationList section */
		23D32E4D1DE66BF50087848C /* Build configuration list for PBXProject "iConomize" */ = {
			isa = XCConfigurationList;
			buildConfigurations = (
				23D32E621DE66BF50087848C /* Debug */,
				23D32E631DE66BF50087848C /* Release */,
			);
			defaultConfigurationIsVisible = 0;
			defaultConfigurationName = Release;
		};
		23D32E641DE66BF50087848C /* Build configuration list for PBXNativeTarget "iConomize" */ = {
			isa = XCConfigurationList;
			buildConfigurations = (
				23D32E651DE66BF50087848C /* Debug */,
				23D32E661DE66BF50087848C /* Release */,
			);
			defaultConfigurationIsVisible = 0;
			defaultConfigurationName = Release;
		};
/* End XCConfigurationList section */
	};
	rootObject = 23D32E4A1DE66BF50087848C /* Project object */;
}
